// !$*UTF8*$!
{
	archiveVersion = 1;
	classes = {
	};
	objectVersion = 56;
	objects = {

/* Begin PBXBuildFile section */
		8B1DC9EE2A879972003F3D2B /* RxSwift in Frameworks */ = {isa = PBXBuildFile; productRef = 8B1DC9ED2A879972003F3D2B /* RxSwift */; };
		8B1DC9F22A8799B8003F3D2B /* ToDoDaoRepo.swift in Sources */ = {isa = PBXBuildFile; fileRef = 8B1DC9F12A8799B8003F3D2B /* ToDoDaoRepo.swift */; };
		8B1DC9F42A8799D8003F3D2B /* AnasayfaViewModel.swift in Sources */ = {isa = PBXBuildFile; fileRef = 8B1DC9F32A8799D8003F3D2B /* AnasayfaViewModel.swift */; };
		8B1DC9F62A8799FB003F3D2B /* SaveToDoViewModel.swift in Sources */ = {isa = PBXBuildFile; fileRef = 8B1DC9F52A8799FB003F3D2B /* SaveToDoViewModel.swift */; };
		8B1DC9F82A879A11003F3D2B /* UpdateToDoViewModel.swift in Sources */ = {isa = PBXBuildFile; fileRef = 8B1DC9F72A879A11003F3D2B /* UpdateToDoViewModel.swift */; };
		8B64D9C52A8EBDCA00F6EBD3 /* FMResultSet.m in Sources */ = {isa = PBXBuildFile; fileRef = 8B64D9BA2A8EBDC900F6EBD3 /* FMResultSet.m */; };
		8B64D9C62A8EBDCA00F6EBD3 /* FMDatabasePool.m in Sources */ = {isa = PBXBuildFile; fileRef = 8B64D9BB2A8EBDC900F6EBD3 /* FMDatabasePool.m */; };
		8B64D9C72A8EBDCA00F6EBD3 /* FMDatabase.m in Sources */ = {isa = PBXBuildFile; fileRef = 8B64D9BC2A8EBDC900F6EBD3 /* FMDatabase.m */; };
		8B64D9C82A8EBDCA00F6EBD3 /* FMDatabaseQueue.m in Sources */ = {isa = PBXBuildFile; fileRef = 8B64D9C22A8EBDCA00F6EBD3 /* FMDatabaseQueue.m */; };
		8B64D9C92A8EBDCA00F6EBD3 /* FMDatabaseAdditions.m in Sources */ = {isa = PBXBuildFile; fileRef = 8B64D9C42A8EBDCA00F6EBD3 /* FMDatabaseAdditions.m */; };
		8B64D9CD2A8EC1E600F6EBD3 /* todo.sqlite in Resources */ = {isa = PBXBuildFile; fileRef = 8B64D9CC2A8EC1E600F6EBD3 /* todo.sqlite */; };
		8B8FDD9E2A8030AB0018371E /* ToDoCell.swift in Sources */ = {isa = PBXBuildFile; fileRef = 8B8FDD9D2A8030AB0018371E /* ToDoCell.swift */; };
		8BCAF00C2A7A64F600C4BA8C /* AppDelegate.swift in Sources */ = {isa = PBXBuildFile; fileRef = 8BCAF00B2A7A64F600C4BA8C /* AppDelegate.swift */; };
		8BCAF00E2A7A64F600C4BA8C /* SceneDelegate.swift in Sources */ = {isa = PBXBuildFile; fileRef = 8BCAF00D2A7A64F600C4BA8C /* SceneDelegate.swift */; };
		8BCAF0102A7A64F600C4BA8C /* Anasayfa.swift in Sources */ = {isa = PBXBuildFile; fileRef = 8BCAF00F2A7A64F600C4BA8C /* Anasayfa.swift */; };
		8BCAF0132A7A64F600C4BA8C /* Main.storyboard in Resources */ = {isa = PBXBuildFile; fileRef = 8BCAF0112A7A64F600C4BA8C /* Main.storyboard */; };
		8BCAF0152A7A64F700C4BA8C /* Assets.xcassets in Resources */ = {isa = PBXBuildFile; fileRef = 8BCAF0142A7A64F700C4BA8C /* Assets.xcassets */; };
		8BCAF0182A7A64F700C4BA8C /* LaunchScreen.storyboard in Resources */ = {isa = PBXBuildFile; fileRef = 8BCAF0162A7A64F700C4BA8C /* LaunchScreen.storyboard */; };
		8BCAF0242A7A672600C4BA8C /* SaveToDo.swift in Sources */ = {isa = PBXBuildFile; fileRef = 8BCAF0232A7A672600C4BA8C /* SaveToDo.swift */; };
		8BCAF0262A7A673A00C4BA8C /* UpdateToDo.swift in Sources */ = {isa = PBXBuildFile; fileRef = 8BCAF0252A7A673A00C4BA8C /* UpdateToDo.swift */; };
		8BCAF0282A7A78CB00C4BA8C /* ToDos.swift in Sources */ = {isa = PBXBuildFile; fileRef = 8BCAF0272A7A78CB00C4BA8C /* ToDos.swift */; };
/* End PBXBuildFile section */

/* Begin PBXFileReference section */
		8B1DC9F12A8799B8003F3D2B /* ToDoDaoRepo.swift */ = {isa = PBXFileReference; lastKnownFileType = sourcecode.swift; path = ToDoDaoRepo.swift; sourceTree = "<group>"; };
		8B1DC9F32A8799D8003F3D2B /* AnasayfaViewModel.swift */ = {isa = PBXFileReference; lastKnownFileType = sourcecode.swift; path = AnasayfaViewModel.swift; sourceTree = "<group>"; };
		8B1DC9F52A8799FB003F3D2B /* SaveToDoViewModel.swift */ = {isa = PBXFileReference; lastKnownFileType = sourcecode.swift; path = SaveToDoViewModel.swift; sourceTree = "<group>"; };
		8B1DC9F72A879A11003F3D2B /* UpdateToDoViewModel.swift */ = {isa = PBXFileReference; lastKnownFileType = sourcecode.swift; path = UpdateToDoViewModel.swift; sourceTree = "<group>"; };
		8B64D9B82A8EBDAF00F6EBD3 /* libsqlite3.tbd */ = {isa = PBXFileReference; lastKnownFileType = "sourcecode.text-based-dylib-definition"; name = libsqlite3.tbd; path = usr/lib/libsqlite3.tbd; sourceTree = SDKROOT; };
		8B64D9B92A8EBDC900F6EBD3 /* ToDo-Bridging-Header.h */ = {isa = PBXFileReference; lastKnownFileType = sourcecode.c.h; path = "ToDo-Bridging-Header.h"; sourceTree = "<group>"; };
		8B64D9BA2A8EBDC900F6EBD3 /* FMResultSet.m */ = {isa = PBXFileReference; fileEncoding = 4; lastKnownFileType = sourcecode.c.objc; path = FMResultSet.m; sourceTree = "<group>"; };
		8B64D9BB2A8EBDC900F6EBD3 /* FMDatabasePool.m */ = {isa = PBXFileReference; fileEncoding = 4; lastKnownFileType = sourcecode.c.objc; path = FMDatabasePool.m; sourceTree = "<group>"; };
		8B64D9BC2A8EBDC900F6EBD3 /* FMDatabase.m */ = {isa = PBXFileReference; fileEncoding = 4; lastKnownFileType = sourcecode.c.objc; path = FMDatabase.m; sourceTree = "<group>"; };
		8B64D9BD2A8EBDC900F6EBD3 /* FMDatabase.h */ = {isa = PBXFileReference; fileEncoding = 4; lastKnownFileType = sourcecode.c.h; path = FMDatabase.h; sourceTree = "<group>"; };
		8B64D9BE2A8EBDC900F6EBD3 /* FMDatabaseQueue.h */ = {isa = PBXFileReference; fileEncoding = 4; lastKnownFileType = sourcecode.c.h; path = FMDatabaseQueue.h; sourceTree = "<group>"; };
		8B64D9BF2A8EBDCA00F6EBD3 /* FMResultSet.h */ = {isa = PBXFileReference; fileEncoding = 4; lastKnownFileType = sourcecode.c.h; path = FMResultSet.h; sourceTree = "<group>"; };
		8B64D9C02A8EBDCA00F6EBD3 /* FMDatabaseAdditions.h */ = {isa = PBXFileReference; fileEncoding = 4; lastKnownFileType = sourcecode.c.h; path = FMDatabaseAdditions.h; sourceTree = "<group>"; };
		8B64D9C12A8EBDCA00F6EBD3 /* FMDatabasePool.h */ = {isa = PBXFileReference; fileEncoding = 4; lastKnownFileType = sourcecode.c.h; path = FMDatabasePool.h; sourceTree = "<group>"; };
		8B64D9C22A8EBDCA00F6EBD3 /* FMDatabaseQueue.m */ = {isa = PBXFileReference; fileEncoding = 4; lastKnownFileType = sourcecode.c.objc; path = FMDatabaseQueue.m; sourceTree = "<group>"; };
		8B64D9C32A8EBDCA00F6EBD3 /* FMDB.h */ = {isa = PBXFileReference; fileEncoding = 4; lastKnownFileType = sourcecode.c.h; path = FMDB.h; sourceTree = "<group>"; };
		8B64D9C42A8EBDCA00F6EBD3 /* FMDatabaseAdditions.m */ = {isa = PBXFileReference; fileEncoding = 4; lastKnownFileType = sourcecode.c.objc; path = FMDatabaseAdditions.m; sourceTree = "<group>"; };
		8B64D9CC2A8EC1E600F6EBD3 /* todo.sqlite */ = {isa = PBXFileReference; lastKnownFileType = file; path = todo.sqlite; sourceTree = "<group>"; };
		8B8FDD9D2A8030AB0018371E /* ToDoCell.swift */ = {isa = PBXFileReference; lastKnownFileType = sourcecode.swift; path = ToDoCell.swift; sourceTree = "<group>"; };
		8BCAF0082A7A64F600C4BA8C /* ToDo.app */ = {isa = PBXFileReference; explicitFileType = wrapper.application; includeInIndex = 0; path = ToDo.app; sourceTree = BUILT_PRODUCTS_DIR; };
		8BCAF00B2A7A64F600C4BA8C /* AppDelegate.swift */ = {isa = PBXFileReference; lastKnownFileType = sourcecode.swift; path = AppDelegate.swift; sourceTree = "<group>"; };
		8BCAF00D2A7A64F600C4BA8C /* SceneDelegate.swift */ = {isa = PBXFileReference; lastKnownFileType = sourcecode.swift; path = SceneDelegate.swift; sourceTree = "<group>"; };
		8BCAF00F2A7A64F600C4BA8C /* Anasayfa.swift */ = {isa = PBXFileReference; lastKnownFileType = sourcecode.swift; path = Anasayfa.swift; sourceTree = "<group>"; };
		8BCAF0122A7A64F600C4BA8C /* Base */ = {isa = PBXFileReference; lastKnownFileType = file.storyboard; name = Base; path = Base.lproj/Main.storyboard; sourceTree = "<group>"; };
		8BCAF0142A7A64F700C4BA8C /* Assets.xcassets */ = {isa = PBXFileReference; lastKnownFileType = folder.assetcatalog; path = Assets.xcassets; sourceTree = "<group>"; };
		8BCAF0172A7A64F700C4BA8C /* Base */ = {isa = PBXFileReference; lastKnownFileType = file.storyboard; name = Base; path = Base.lproj/LaunchScreen.storyboard; sourceTree = "<group>"; };
		8BCAF0192A7A64F700C4BA8C /* Info.plist */ = {isa = PBXFileReference; lastKnownFileType = text.plist.xml; path = Info.plist; sourceTree = "<group>"; };
		8BCAF0232A7A672600C4BA8C /* SaveToDo.swift */ = {isa = PBXFileReference; lastKnownFileType = sourcecode.swift; path = SaveToDo.swift; sourceTree = "<group>"; };
		8BCAF0252A7A673A00C4BA8C /* UpdateToDo.swift */ = {isa = PBXFileReference; lastKnownFileType = sourcecode.swift; path = UpdateToDo.swift; sourceTree = "<group>"; };
		8BCAF0272A7A78CB00C4BA8C /* ToDos.swift */ = {isa = PBXFileReference; lastKnownFileType = sourcecode.swift; path = ToDos.swift; sourceTree = "<group>"; };
/* End PBXFileReference section */

/* Begin PBXFrameworksBuildPhase section */
		8BCAF0052A7A64F600C4BA8C /* Frameworks */ = {
			isa = PBXFrameworksBuildPhase;
			buildActionMask = 2147483647;
			files = (
				8B1DC9EE2A879972003F3D2B /* RxSwift in Frameworks */,
			);
			runOnlyForDeploymentPostprocessing = 0;
		};
/* End PBXFrameworksBuildPhase section */

/* Begin PBXGroup section */
		8B1DC9EF2A879985003F3D2B /* viewmodel */ = {
			isa = PBXGroup;
			children = (
				8B1DC9F32A8799D8003F3D2B /* AnasayfaViewModel.swift */,
				8B1DC9F52A8799FB003F3D2B /* SaveToDoViewModel.swift */,
				8B1DC9F72A879A11003F3D2B /* UpdateToDoViewModel.swift */,
			);
			path = viewmodel;
			sourceTree = "<group>";
		};
		8B1DC9F02A879997003F3D2B /* repo */ = {
			isa = PBXGroup;
			children = (
				8B1DC9F12A8799B8003F3D2B /* ToDoDaoRepo.swift */,
			);
			path = repo;
			sourceTree = "<group>";
		};
		8B64D9B72A8EBDAF00F6EBD3 /* Frameworks */ = {
			isa = PBXGroup;
			children = (
				8B64D9B82A8EBDAF00F6EBD3 /* libsqlite3.tbd */,
			);
			name = Frameworks;
			sourceTree = "<group>";
		};
		8B8FDD992A8030050018371E /* tableview */ = {
			isa = PBXGroup;
			children = (
				8B8FDD9D2A8030AB0018371E /* ToDoCell.swift */,
			);
			path = tableview;
			sourceTree = "<group>";
		};
		8BCAEFFF2A7A64F600C4BA8C = {
			isa = PBXGroup;
			children = (
				8BCAF00A2A7A64F600C4BA8C /* ToDo */,
				8BCAF0092A7A64F600C4BA8C /* Products */,
				8B64D9B72A8EBDAF00F6EBD3 /* Frameworks */,
			);
			sourceTree = "<group>";
		};
		8BCAF0092A7A64F600C4BA8C /* Products */ = {
			isa = PBXGroup;
			children = (
				8BCAF0082A7A64F600C4BA8C /* ToDo.app */,
			);
			name = Products;
			sourceTree = "<group>";
		};
		8BCAF00A2A7A64F600C4BA8C /* ToDo */ = {
			isa = PBXGroup;
			children = (
				8BCAF00B2A7A64F600C4BA8C /* AppDelegate.swift */,
				8BCAF00D2A7A64F600C4BA8C /* SceneDelegate.swift */,
				8BCAF0212A7A657500C4BA8C /* data */,
				8BCAF01F2A7A654200C4BA8C /* ui */,
				8BCAF0112A7A64F600C4BA8C /* Main.storyboard */,
				8BCAF0142A7A64F700C4BA8C /* Assets.xcassets */,
				8BCAF0162A7A64F700C4BA8C /* LaunchScreen.storyboard */,
				8BCAF0192A7A64F700C4BA8C /* Info.plist */,
				8B64D9CC2A8EC1E600F6EBD3 /* todo.sqlite */,
				8B64D9BD2A8EBDC900F6EBD3 /* FMDatabase.h */,
				8B64D9BC2A8EBDC900F6EBD3 /* FMDatabase.m */,
				8B64D9C02A8EBDCA00F6EBD3 /* FMDatabaseAdditions.h */,
				8B64D9C42A8EBDCA00F6EBD3 /* FMDatabaseAdditions.m */,
				8B64D9C12A8EBDCA00F6EBD3 /* FMDatabasePool.h */,
				8B64D9BB2A8EBDC900F6EBD3 /* FMDatabasePool.m */,
				8B64D9BE2A8EBDC900F6EBD3 /* FMDatabaseQueue.h */,
				8B64D9C22A8EBDCA00F6EBD3 /* FMDatabaseQueue.m */,
				8B64D9C32A8EBDCA00F6EBD3 /* FMDB.h */,
				8B64D9BF2A8EBDCA00F6EBD3 /* FMResultSet.h */,
				8B64D9BA2A8EBDC900F6EBD3 /* FMResultSet.m */,
				8B64D9B92A8EBDC900F6EBD3 /* ToDo-Bridging-Header.h */,
			);
			path = ToDo;
			sourceTree = "<group>";
		};
		8BCAF01F2A7A654200C4BA8C /* ui */ = {
			isa = PBXGroup;
			children = (
				8B1DC9EF2A879985003F3D2B /* viewmodel */,
				8B8FDD992A8030050018371E /* tableview */,
				8BCAF0202A7A656600C4BA8C /* views */,
			);
			path = ui;
			sourceTree = "<group>";
		};
		8BCAF0202A7A656600C4BA8C /* views */ = {
			isa = PBXGroup;
			children = (
				8BCAF00F2A7A64F600C4BA8C /* Anasayfa.swift */,
				8BCAF0232A7A672600C4BA8C /* SaveToDo.swift */,
				8BCAF0252A7A673A00C4BA8C /* UpdateToDo.swift */,
			);
			path = views;
			sourceTree = "<group>";
		};
		8BCAF0212A7A657500C4BA8C /* data */ = {
			isa = PBXGroup;
			children = (
				8B1DC9F02A879997003F3D2B /* repo */,
				8BCAF0222A7A657C00C4BA8C /* entity */,
			);
			path = data;
			sourceTree = "<group>";
		};
		8BCAF0222A7A657C00C4BA8C /* entity */ = {
			isa = PBXGroup;
			children = (
				8BCAF0272A7A78CB00C4BA8C /* ToDos.swift */,
			);
			path = entity;
			sourceTree = "<group>";
		};
/* End PBXGroup section */

/* Begin PBXNativeTarget section */
		8BCAF0072A7A64F600C4BA8C /* ToDo */ = {
			isa = PBXNativeTarget;
			buildConfigurationList = 8BCAF01C2A7A64F700C4BA8C /* Build configuration list for PBXNativeTarget "ToDo" */;
			buildPhases = (
				8BCAF0042A7A64F600C4BA8C /* Sources */,
				8BCAF0052A7A64F600C4BA8C /* Frameworks */,
				8BCAF0062A7A64F600C4BA8C /* Resources */,
			);
			buildRules = (
			);
			dependencies = (
			);
			name = ToDo;
			packageProductDependencies = (
				8B1DC9ED2A879972003F3D2B /* RxSwift */,
			);
			productName = ToDo;
			productReference = 8BCAF0082A7A64F600C4BA8C /* ToDo.app */;
			productType = "com.apple.product-type.application";
		};
/* End PBXNativeTarget section */

/* Begin PBXProject section */
		8BCAF0002A7A64F600C4BA8C /* Project object */ = {
			isa = PBXProject;
			attributes = {
				BuildIndependentTargetsInParallel = 1;
				LastSwiftUpdateCheck = 1420;
				LastUpgradeCheck = 1420;
				TargetAttributes = {
					8BCAF0072A7A64F600C4BA8C = {
						CreatedOnToolsVersion = 14.2;
						LastSwiftMigration = 1420;
					};
				};
			};
			buildConfigurationList = 8BCAF0032A7A64F600C4BA8C /* Build configuration list for PBXProject "ToDo" */;
			compatibilityVersion = "Xcode 14.0";
			developmentRegion = en;
			hasScannedForEncodings = 0;
			knownRegions = (
				en,
				Base,
			);
			mainGroup = 8BCAEFFF2A7A64F600C4BA8C;
			packageReferences = (
				8B1DC9EC2A879972003F3D2B /* XCRemoteSwiftPackageReference "RxSwift" */,
			);
			productRefGroup = 8BCAF0092A7A64F600C4BA8C /* Products */;
			projectDirPath = "";
			projectRoot = "";
			targets = (
				8BCAF0072A7A64F600C4BA8C /* ToDo */,
			);
		};
/* End PBXProject section */

/* Begin PBXResourcesBuildPhase section */
		8BCAF0062A7A64F600C4BA8C /* Resources */ = {
			isa = PBXResourcesBuildPhase;
			buildActionMask = 2147483647;
			files = (
				8BCAF0182A7A64F700C4BA8C /* LaunchScreen.storyboard in Resources */,
				8B64D9CD2A8EC1E600F6EBD3 /* todo.sqlite in Resources */,
				8BCAF0152A7A64F700C4BA8C /* Assets.xcassets in Resources */,
				8BCAF0132A7A64F600C4BA8C /* Main.storyboard in Resources */,
			);
			runOnlyForDeploymentPostprocessing = 0;
		};
/* End PBXResourcesBuildPhase section */

/* Begin PBXSourcesBuildPhase section */
		8BCAF0042A7A64F600C4BA8C /* Sources */ = {
			isa = PBXSourcesBuildPhase;
			buildActionMask = 2147483647;
			files = (
				8BCAF0262A7A673A00C4BA8C /* UpdateToDo.swift in Sources */,
				8BCAF0102A7A64F600C4BA8C /* Anasayfa.swift in Sources */,
				8B64D9C62A8EBDCA00F6EBD3 /* FMDatabasePool.m in Sources */,
				8B64D9C72A8EBDCA00F6EBD3 /* FMDatabase.m in Sources */,
				8B8FDD9E2A8030AB0018371E /* ToDoCell.swift in Sources */,
				8B64D9C82A8EBDCA00F6EBD3 /* FMDatabaseQueue.m in Sources */,
				8BCAF00C2A7A64F600C4BA8C /* AppDelegate.swift in Sources */,
				8B64D9C92A8EBDCA00F6EBD3 /* FMDatabaseAdditions.m in Sources */,
				8B1DC9F22A8799B8003F3D2B /* ToDoDaoRepo.swift in Sources */,
				8B1DC9F42A8799D8003F3D2B /* AnasayfaViewModel.swift in Sources */,
				8B64D9C52A8EBDCA00F6EBD3 /* FMResultSet.m in Sources */,
				8B1DC9F82A879A11003F3D2B /* UpdateToDoViewModel.swift in Sources */,
				8BCAF0242A7A672600C4BA8C /* SaveToDo.swift in Sources */,
				8B1DC9F62A8799FB003F3D2B /* SaveToDoViewModel.swift in Sources */,
				8BCAF00E2A7A64F600C4BA8C /* SceneDelegate.swift in Sources */,
				8BCAF0282A7A78CB00C4BA8C /* ToDos.swift in Sources */,
			);
			runOnlyForDeploymentPostprocessing = 0;
		};
/* End PBXSourcesBuildPhase section */

/* Begin PBXVariantGroup section */
		8BCAF0112A7A64F600C4BA8C /* Main.storyboard */ = {
			isa = PBXVariantGroup;
			children = (
				8BCAF0122A7A64F600C4BA8C /* Base */,
			);
			name = Main.storyboard;
			sourceTree = "<group>";
		};
		8BCAF0162A7A64F700C4BA8C /* LaunchScreen.storyboard */ = {
			isa = PBXVariantGroup;
			children = (
				8BCAF0172A7A64F700C4BA8C /* Base */,
			);
			name = LaunchScreen.storyboard;
			sourceTree = "<group>";
		};
/* End PBXVariantGroup section */

/* Begin XCBuildConfiguration section */
		8BCAF01A2A7A64F700C4BA8C /* Debug */ = {
			isa = XCBuildConfiguration;
			buildSettings = {
				ALWAYS_SEARCH_USER_PATHS = NO;
				CLANG_ANALYZER_NONNULL = YES;
				CLANG_ANALYZER_NUMBER_OBJECT_CONVERSION = YES_AGGRESSIVE;
				CLANG_CXX_LANGUAGE_STANDARD = "gnu++20";
				CLANG_ENABLE_MODULES = YES;
				CLANG_ENABLE_OBJC_ARC = YES;
				CLANG_ENABLE_OBJC_WEAK = YES;
				CLANG_WARN_BLOCK_CAPTURE_AUTORELEASING = YES;
				CLANG_WARN_BOOL_CONVERSION = YES;
				CLANG_WARN_COMMA = YES;
				CLANG_WARN_CONSTANT_CONVERSION = YES;
				CLANG_WARN_DEPRECATED_OBJC_IMPLEMENTATIONS = YES;
				CLANG_WARN_DIRECT_OBJC_ISA_USAGE = YES_ERROR;
				CLANG_WARN_DOCUMENTATION_COMMENTS = YES;
				CLANG_WARN_EMPTY_BODY = YES;
				CLANG_WARN_ENUM_CONVERSION = YES;
				CLANG_WARN_INFINITE_RECURSION = YES;
				CLANG_WARN_INT_CONVERSION = YES;
				CLANG_WARN_NON_LITERAL_NULL_CONVERSION = YES;
				CLANG_WARN_OBJC_IMPLICIT_RETAIN_SELF = YES;
				CLANG_WARN_OBJC_LITERAL_CONVERSION = YES;
				CLANG_WARN_OBJC_ROOT_CLASS = YES_ERROR;
				CLANG_WARN_QUOTED_INCLUDE_IN_FRAMEWORK_HEADER = YES;
				CLANG_WARN_RANGE_LOOP_ANALYSIS = YES;
				CLANG_WARN_STRICT_PROTOTYPES = YES;
				CLANG_WARN_SUSPICIOUS_MOVE = YES;
				CLANG_WARN_UNGUARDED_AVAILABILITY = YES_AGGRESSIVE;
				CLANG_WARN_UNREACHABLE_CODE = YES;
				CLANG_WARN__DUPLICATE_METHOD_MATCH = YES;
				COPY_PHASE_STRIP = NO;
				DEBUG_INFORMATION_FORMAT = dwarf;
				ENABLE_STRICT_OBJC_MSGSEND = YES;
				ENABLE_TESTABILITY = YES;
				GCC_C_LANGUAGE_STANDARD = gnu11;
				GCC_DYNAMIC_NO_PIC = NO;
				GCC_NO_COMMON_BLOCKS = YES;
				GCC_OPTIMIZATION_LEVEL = 0;
				GCC_PREPROCESSOR_DEFINITIONS = (
					"DEBUG=1",
					"$(inherited)",
				);
				GCC_WARN_64_TO_32_BIT_CONVERSION = YES;
				GCC_WARN_ABOUT_RETURN_TYPE = YES_ERROR;
				GCC_WARN_UNDECLARED_SELECTOR = YES;
				GCC_WARN_UNINITIALIZED_AUTOS = YES_AGGRESSIVE;
				GCC_WARN_UNUSED_FUNCTION = YES;
				GCC_WARN_UNUSED_VARIABLE = YES;
				IPHONEOS_DEPLOYMENT_TARGET = 16.2;
				MTL_ENABLE_DEBUG_INFO = INCLUDE_SOURCE;
				MTL_FAST_MATH = YES;
				ONLY_ACTIVE_ARCH = YES;
				SDKROOT = iphoneos;
				SWIFT_ACTIVE_COMPILATION_CONDITIONS = DEBUG;
				SWIFT_OPTIMIZATION_LEVEL = "-Onone";
			};
			name = Debug;
		};
		8BCAF01B2A7A64F700C4BA8C /* Release */ = {
			isa = XCBuildConfiguration;
			buildSettings = {
				ALWAYS_SEARCH_USER_PATHS = NO;
				CLANG_ANALYZER_NONNULL = YES;
				CLANG_ANALYZER_NUMBER_OBJECT_CONVERSION = YES_AGGRESSIVE;
				CLANG_CXX_LANGUAGE_STANDARD = "gnu++20";
				CLANG_ENABLE_MODULES = YES;
				CLANG_ENABLE_OBJC_ARC = YES;
				CLANG_ENABLE_OBJC_WEAK = YES;
				CLANG_WARN_BLOCK_CAPTURE_AUTORELEASING = YES;
				CLANG_WARN_BOOL_CONVERSION = YES;
				CLANG_WARN_COMMA = YES;
				CLANG_WARN_CONSTANT_CONVERSION = YES;
				CLANG_WARN_DEPRECATED_OBJC_IMPLEMENTATIONS = YES;
				CLANG_WARN_DIRECT_OBJC_ISA_USAGE = YES_ERROR;
				CLANG_WARN_DOCUMENTATION_COMMENTS = YES;
				CLANG_WARN_EMPTY_BODY = YES;
				CLANG_WARN_ENUM_CONVERSION = YES;
				CLANG_WARN_INFINITE_RECURSION = YES;
				CLANG_WARN_INT_CONVERSION = YES;
				CLANG_WARN_NON_LITERAL_NULL_CONVERSION = YES;
				CLANG_WARN_OBJC_IMPLICIT_RETAIN_SELF = YES;
				CLANG_WARN_OBJC_LITERAL_CONVERSION = YES;
				CLANG_WARN_OBJC_ROOT_CLASS = YES_ERROR;
				CLANG_WARN_QUOTED_INCLUDE_IN_FRAMEWORK_HEADER = YES;
				CLANG_WARN_RANGE_LOOP_ANALYSIS = YES;
				CLANG_WARN_STRICT_PROTOTYPES = YES;
				CLANG_WARN_SUSPICIOUS_MOVE = YES;
				CLANG_WARN_UNGUARDED_AVAILABILITY = YES_AGGRESSIVE;
				CLANG_WARN_UNREACHABLE_CODE = YES;
				CLANG_WARN__DUPLICATE_METHOD_MATCH = YES;
				COPY_PHASE_STRIP = NO;
				DEBUG_INFORMATION_FORMAT = "dwarf-with-dsym";
				ENABLE_NS_ASSERTIONS = NO;
				ENABLE_STRICT_OBJC_MSGSEND = YES;
				GCC_C_LANGUAGE_STANDARD = gnu11;
				GCC_NO_COMMON_BLOCKS = YES;
				GCC_WARN_64_TO_32_BIT_CONVERSION = YES;
				GCC_WARN_ABOUT_RETURN_TYPE = YES_ERROR;
				GCC_WARN_UNDECLARED_SELECTOR = YES;
				GCC_WARN_UNINITIALIZED_AUTOS = YES_AGGRESSIVE;
				GCC_WARN_UNUSED_FUNCTION = YES;
				GCC_WARN_UNUSED_VARIABLE = YES;
				IPHONEOS_DEPLOYMENT_TARGET = 16.2;
				MTL_ENABLE_DEBUG_INFO = NO;
				MTL_FAST_MATH = YES;
				SDKROOT = iphoneos;
				SWIFT_COMPILATION_MODE = wholemodule;
				SWIFT_OPTIMIZATION_LEVEL = "-O";
				VALIDATE_PRODUCT = YES;
			};
			name = Release;
		};
		8BCAF01D2A7A64F700C4BA8C /* Debug */ = {
			isa = XCBuildConfiguration;
			buildSettings = {
				ASSETCATALOG_COMPILER_APPICON_NAME = AppIcon;
				ASSETCATALOG_COMPILER_GLOBAL_ACCENT_COLOR_NAME = AccentColor;
				CLANG_ENABLE_MODULES = YES;
				CODE_SIGN_STYLE = Automatic;
				CURRENT_PROJECT_VERSION = 1;
				GENERATE_INFOPLIST_FILE = YES;
				INFOPLIST_FILE = ToDo/Info.plist;
				INFOPLIST_KEY_UIApplicationSupportsIndirectInputEvents = YES;
				INFOPLIST_KEY_UILaunchStoryboardName = LaunchScreen;
				INFOPLIST_KEY_UIMainStoryboardFile = Main;
				INFOPLIST_KEY_UISupportedInterfaceOrientations_iPad = "UIInterfaceOrientationPortrait UIInterfaceOrientationPortraitUpsideDown UIInterfaceOrientationLandscapeLeft UIInterfaceOrientationLandscapeRight";
				INFOPLIST_KEY_UISupportedInterfaceOrientations_iPhone = "UIInterfaceOrientationPortrait UIInterfaceOrientationLandscapeLeft UIInterfaceOrientationLandscapeRight";
				LD_RUNPATH_SEARCH_PATHS = (
					"$(inherited)",
					"@executable_path/Frameworks",
				);
				MARKETING_VERSION = 1.0;
				PRODUCT_BUNDLE_IDENTIFIER = com.info.ToDo;
				PRODUCT_NAME = "$(TARGET_NAME)";
				SWIFT_EMIT_LOC_STRINGS = YES;
				SWIFT_OBJC_BRIDGING_HEADER = "ToDo/ToDo-Bridging-Header.h";
				SWIFT_OPTIMIZATION_LEVEL = "-Onone";
				SWIFT_VERSION = 5.0;
				TARGETED_DEVICE_FAMILY = "1,2";
			};
			name = Debug;
		};
		8BCAF01E2A7A64F700C4BA8C /* Release */ = {
			isa = XCBuildConfiguration;
			buildSettings = {
				ASSETCATALOG_COMPILER_APPICON_NAME = AppIcon;
				ASSETCATALOG_COMPILER_GLOBAL_ACCENT_COLOR_NAME = AccentColor;
				CLANG_ENABLE_MODULES = YES;
				CODE_SIGN_STYLE = Automatic;
				CURRENT_PROJECT_VERSION = 1;
				GENERATE_INFOPLIST_FILE = YES;
				INFOPLIST_FILE = ToDo/Info.plist;
				INFOPLIST_KEY_UIApplicationSupportsIndirectInputEvents = YES;
				INFOPLIST_KEY_UILaunchStoryboardName = LaunchScreen;
				INFOPLIST_KEY_UIMainStoryboardFile = Main;
				INFOPLIST_KEY_UISupportedInterfaceOrientations_iPad = "UIInterfaceOrientationPortrait UIInterfaceOrientationPortraitUpsideDown UIInterfaceOrientationLandscapeLeft UIInterfaceOrientationLandscapeRight";
				INFOPLIST_KEY_UISupportedInterfaceOrientations_iPhone = "UIInterfaceOrientationPortrait UIInterfaceOrientationLandscapeLeft UIInterfaceOrientationLandscapeRight";
				LD_RUNPATH_SEARCH_PATHS = (
					"$(inherited)",
					"@executable_path/Frameworks",
				);
				MARKETING_VERSION = 1.0;
				PRODUCT_BUNDLE_IDENTIFIER = com.info.ToDo;
				PRODUCT_NAME = "$(TARGET_NAME)";
				SWIFT_EMIT_LOC_STRINGS = YES;
				SWIFT_OBJC_BRIDGING_HEADER = "ToDo/ToDo-Bridging-Header.h";
				SWIFT_VERSION = 5.0;
				TARGETED_DEVICE_FAMILY = "1,2";
			};
			name = Release;
		};
/* End XCBuildConfiguration section */

/* Begin XCConfigurationList section */
		8BCAF0032A7A64F600C4BA8C /* Build configuration list for PBXProject "ToDo" */ = {
			isa = XCConfigurationList;
			buildConfigurations = (
				8BCAF01A2A7A64F700C4BA8C /* Debug */,
				8BCAF01B2A7A64F700C4BA8C /* Release */,
			);
			defaultConfigurationIsVisible = 0;
			defaultConfigurationName = Release;
		};
		8BCAF01C2A7A64F700C4BA8C /* Build configuration list for PBXNativeTarget "ToDo" */ = {
			isa = XCConfigurationList;
			buildConfigurations = (
				8BCAF01D2A7A64F700C4BA8C /* Debug */,
				8BCAF01E2A7A64F700C4BA8C /* Release */,
			);
			defaultConfigurationIsVisible = 0;
			defaultConfigurationName = Release;
		};
/* End XCConfigurationList section */

/* Begin XCRemoteSwiftPackageReference section */
		8B1DC9EC2A879972003F3D2B /* XCRemoteSwiftPackageReference "RxSwift" */ = {
			isa = XCRemoteSwiftPackageReference;
			repositoryURL = "https://github.com/ReactiveX/RxSwift";
			requirement = {
				branch = main;
				kind = branch;
			};
		};
/* End XCRemoteSwiftPackageReference section */

/* Begin XCSwiftPackageProductDependency section */
		8B1DC9ED2A879972003F3D2B /* RxSwift */ = {
			isa = XCSwiftPackageProductDependency;
			package = 8B1DC9EC2A879972003F3D2B /* XCRemoteSwiftPackageReference "RxSwift" */;
			productName = RxSwift;
		};
/* End XCSwiftPackageProductDependency section */
	};
	rootObject = 8BCAF0002A7A64F600C4BA8C /* Project object */;
}
